
Microsoft Visual Studio Solution File, Format Version 12.00
# Visual Studio Version 16
VisualStudioVersion = 16.0.31424.327
MinimumVisualStudioVersion = 10.0.40219.1
Project("{FAE04EC0-301F-11D3-BF4B-00C04F79EFBC}") = "CurrencyConverterWithJSONFormat", "CurrencyConverterWithJSONFormat\CurrencyConverterWithJSONFormat.csproj", "{8CA0F2C0-A228-41DC-A016-BFD40E2D16E3}"
EndProject
Global
	GlobalSection(SolutionConfigurationPlatforms) = preSolution
		Debug|Any CPU = Debug|Any CPU
		Release|Any CPU = Release|Any CPU
	EndGlobalSection
	GlobalSection(ProjectConfigurationPlatforms) = postSolution
		{8CA0F2C0-A228-41DC-A016-BFD40E2D16E3}.Debug|Any CPU.ActiveCfg = Debug|Any CPU
		{8CA0F2C0-A228-41DC-A016-BFD40E2D16E3}.Debug|Any CPU.Build.0 = Debug|Any CPU
		{8CA0F2C0-A228-41DC-A016-BFD40E2D16E3}.Release|Any CPU.ActiveCfg = Release|Any CPU
		{8CA0F2C0-A228-41DC-A016-BFD40E2D16E3}.Release|Any CPU.Build.0 = Release|Any CPU
	EndGlobalSection
	GlobalSection(SolutionProperties) = preSolution
		HideSolutionNode = FALSE
	EndGlobalSection
	GlobalSection(ExtensibilityGlobals) = postSolution
		SolutionGuid = {48B5B76E-A0CB-45B3-9AB7-C1F6CB95A3AE}
	EndGlobalSection
EndGlobal
